
Microsoft Visual Studio Solution File, Format Version 11.00
# Visual Studio 2010
Project("{8BC9CEB8-8B4A-11D0-8D11-00A0C91BC942}") = "DCClient", "DCClient\DCClient.vcxproj", "{F865FBA4-79B0-4E7C-84B3-0541EEEDB866}"
EndProject
Project("{54435603-DBB4-11D2-8724-00A0C9A8B90C}") = "DCClient3_64", "DCClient3_64.vdproj", "{10337D5A-989B-448E-9177-9290006ECB91}"
EndProject
Project("{54435603-DBB4-11D2-8724-00A0C9A8B90C}") = "DCClient2_64", "DCClient2_64.vdproj", "{FFBB89AF-AF11-4481-A225-EAD5A2784F94}"
EndProject
Project("{54435603-DBB4-11D2-8724-00A0C9A8B90C}") = "DCClient3_32", "DCClient3_32.vdproj", "{A33BC21F-D4B2-4B34-8235-FCE0FA593CF9}"
EndProject
Project("{54435603-DBB4-11D2-8724-00A0C9A8B90C}") = "DCClient4_32", "DCClient4_32.vdproj", "{C168DB7F-00A2-4602-A1FD-3F725AFEB63E}"
EndProject
Project("{54435603-DBB4-11D2-8724-00A0C9A8B90C}") = "DCClient2_32", "DCClient2_32.vdproj", "{2A5F7C75-93BD-42D3-A9D4-B56D69CD2D5A}"
EndProject
Project("{54435603-DBB4-11D2-8724-00A0C9A8B90C}") = "DCClient4_64", "DCClient4_64.vdproj", "{B810233B-0895-4971-B582-6EFF8CF3BE6B}"
EndProject
Project("{54435603-DBB4-11D2-8724-00A0C9A8B90C}") = "DCClient5_32", "DCClient5_32.vdproj", "{69CF9C72-6471-4554-BF40-B364E37EB10F}"
EndProject
Project("{54435603-DBB4-11D2-8724-00A0C9A8B90C}") = "DCClient5_64", "DCClient5_64.vdproj", "{2492464E-C4CE-4676-AB9C-8C50815B0C7A}"
EndProject
Project("{54435603-DBB4-11D2-8724-00A0C9A8B90C}") = "DCClient6_32", "DCClient6_32.vdproj", "{394027CA-C7B0-4E44-8665-0D1D353515CE}"
EndProject
Project("{54435603-DBB4-11D2-8724-00A0C9A8B90C}") = "DCClient6_64", "DCClient6_64.vdproj", "{6C768847-5495-4A81-ACD5-276D81167F2F}"
EndProject
Global
	GlobalSection(SolutionConfigurationPlatforms) = preSolution
		Debug|Mixed Platforms = Debug|Mixed Platforms
		Debug|Win32 = Debug|Win32
		Debug|Win64 = Debug|Win64
		Debug2|Mixed Platforms = Debug2|Mixed Platforms
		Debug2|Win32 = Debug2|Win32
		Debug2|Win64 = Debug2|Win64
		Debug3|Mixed Platforms = Debug3|Mixed Platforms
		Debug3|Win32 = Debug3|Win32
		Debug3|Win64 = Debug3|Win64
		Debug4|Mixed Platforms = Debug4|Mixed Platforms
		Debug4|Win32 = Debug4|Win32
		Debug4|Win64 = Debug4|Win64
		Debug5|Mixed Platforms = Debug5|Mixed Platforms
		Debug5|Win32 = Debug5|Win32
		Debug5|Win64 = Debug5|Win64
		Debug6|Mixed Platforms = Debug6|Mixed Platforms
		Debug6|Win32 = Debug6|Win32
		Debug6|Win64 = Debug6|Win64
		Release|Mixed Platforms = Release|Mixed Platforms
		Release|Win32 = Release|Win32
		Release|Win64 = Release|Win64
		Release2|Mixed Platforms = Release2|Mixed Platforms
		Release2|Win32 = Release2|Win32
		Release2|Win64 = Release2|Win64
		Release3|Mixed Platforms = Release3|Mixed Platforms
		Release3|Win32 = Release3|Win32
		Release3|Win64 = Release3|Win64
		Release4|Mixed Platforms = Release4|Mixed Platforms
		Release4|Win32 = Release4|Win32
		Release4|Win64 = Release4|Win64
		Release5|Mixed Platforms = Release5|Mixed Platforms
		Release5|Win32 = Release5|Win32
		Release5|Win64 = Release5|Win64
		Release6|Mixed Platforms = Release6|Mixed Platforms
		Release6|Win32 = Release6|Win32
		Release6|Win64 = Release6|Win64
	EndGlobalSection
	GlobalSection(ProjectConfigurationPlatforms) = postSolution
		{F865FBA4-79B0-4E7C-84B3-0541EEEDB866}.Debug|Mixed Platforms.ActiveCfg = Debug|x64
		{F865FBA4-79B0-4E7C-84B3-0541EEEDB866}.Debug|Win32.ActiveCfg = Debug|Win32
		{F865FBA4-79B0-4E7C-84B3-0541EEEDB866}.Debug|Win64.ActiveCfg = Debug|x64
		{F865FBA4-79B0-4E7C-84B3-0541EEEDB866}.Debug2|Mixed Platforms.ActiveCfg = Debug2|x64
		{F865FBA4-79B0-4E7C-84B3-0541EEEDB866}.Debug2|Win32.ActiveCfg = Debug2|Win32
		{F865FBA4-79B0-4E7C-84B3-0541EEEDB866}.Debug2|Win32.Build.0 = Debug2|Win32
		{F865FBA4-79B0-4E7C-84B3-0541EEEDB866}.Debug2|Win64.ActiveCfg = Debug2|x64
		{F865FBA4-79B0-4E7C-84B3-0541EEEDB866}.Debug2|Win64.Build.0 = Debug2|x64
		{F865FBA4-79B0-4E7C-84B3-0541EEEDB866}.Debug3|Mixed Platforms.ActiveCfg = Debug3|x64
		{F865FBA4-79B0-4E7C-84B3-0541EEEDB866}.Debug3|Win32.ActiveCfg = Debug3|Win32
		{F865FBA4-79B0-4E7C-84B3-0541EEEDB866}.Debug3|Win32.Build.0 = Debug3|Win32
		{F865FBA4-79B0-4E7C-84B3-0541EEEDB866}.Debug3|Win64.ActiveCfg = Debug3|x64
		{F865FBA4-79B0-4E7C-84B3-0541EEEDB866}.Debug3|Win64.Build.0 = Debug3|x64
		{F865FBA4-79B0-4E7C-84B3-0541EEEDB866}.Debug4|Mixed Platforms.ActiveCfg = Debug4|x64
		{F865FBA4-79B0-4E7C-84B3-0541EEEDB866}.Debug4|Win32.ActiveCfg = Debug4|Win32
		{F865FBA4-79B0-4E7C-84B3-0541EEEDB866}.Debug4|Win32.Build.0 = Debug4|Win32
		{F865FBA4-79B0-4E7C-84B3-0541EEEDB866}.Debug4|Win64.ActiveCfg = Debug4|x64
		{F865FBA4-79B0-4E7C-84B3-0541EEEDB866}.Debug4|Win64.Build.0 = Debug4|x64
		{F865FBA4-79B0-4E7C-84B3-0541EEEDB866}.Debug5|Mixed Platforms.ActiveCfg = Debug5|x64
		{F865FBA4-79B0-4E7C-84B3-0541EEEDB866}.Debug5|Win32.ActiveCfg = Debug5|Win32
		{F865FBA4-79B0-4E7C-84B3-0541EEEDB866}.Debug5|Win32.Build.0 = Debug5|Win32
		{F865FBA4-79B0-4E7C-84B3-0541EEEDB866}.Debug5|Win64.ActiveCfg = Debug5|x64
		{F865FBA4-79B0-4E7C-84B3-0541EEEDB866}.Debug5|Win64.Build.0 = Debug5|x64
		{F865FBA4-79B0-4E7C-84B3-0541EEEDB866}.Debug6|Mixed Platforms.ActiveCfg = Debug6|x64
		{F865FBA4-79B0-4E7C-84B3-0541EEEDB866}.Debug6|Win32.ActiveCfg = Debug6|Win32
		{F865FBA4-79B0-4E7C-84B3-0541EEEDB866}.Debug6|Win32.Build.0 = Debug6|Win32
		{F865FBA4-79B0-4E7C-84B3-0541EEEDB866}.Debug6|Win64.ActiveCfg = Debug6|x64
		{F865FBA4-79B0-4E7C-84B3-0541EEEDB866}.Debug6|Win64.Build.0 = Debug6|x64
		{F865FBA4-79B0-4E7C-84B3-0541EEEDB866}.Release|Mixed Platforms.ActiveCfg = Release|x64
		{F865FBA4-79B0-4E7C-84B3-0541EEEDB866}.Release|Win32.ActiveCfg = Release|Win32
		{F865FBA4-79B0-4E7C-84B3-0541EEEDB866}.Release|Win64.ActiveCfg = Release|x64
		{F865FBA4-79B0-4E7C-84B3-0541EEEDB866}.Release2|Mixed Platforms.ActiveCfg = Release2|x64
		{F865FBA4-79B0-4E7C-84B3-0541EEEDB866}.Release2|Win32.ActiveCfg = Release2|Win32
		{F865FBA4-79B0-4E7C-84B3-0541EEEDB866}.Release2|Win32.Build.0 = Release2|Win32
		{F865FBA4-79B0-4E7C-84B3-0541EEEDB866}.Release2|Win64.ActiveCfg = Release2|x64
		{F865FBA4-79B0-4E7C-84B3-0541EEEDB866}.Release2|Win64.Build.0 = Release2|x64
		{F865FBA4-79B0-4E7C-84B3-0541EEEDB866}.Release3|Mixed Platforms.ActiveCfg = Release3|x64
		{F865FBA4-79B0-4E7C-84B3-0541EEEDB866}.Release3|Win32.ActiveCfg = Release3|Win32
		{F865FBA4-79B0-4E7C-84B3-0541EEEDB866}.Release3|Win32.Build.0 = Release3|Win32
		{F865FBA4-79B0-4E7C-84B3-0541EEEDB866}.Release3|Win64.ActiveCfg = Release3|x64
		{F865FBA4-79B0-4E7C-84B3-0541EEEDB866}.Release3|Win64.Build.0 = Release3|x64
		{F865FBA4-79B0-4E7C-84B3-0541EEEDB866}.Release4|Mixed Platforms.ActiveCfg = Release4|x64
		{F865FBA4-79B0-4E7C-84B3-0541EEEDB866}.Release4|Win32.ActiveCfg = Release4|Win32
		{F865FBA4-79B0-4E7C-84B3-0541EEEDB866}.Release4|Win32.Build.0 = Release4|Win32
		{F865FBA4-79B0-4E7C-84B3-0541EEEDB866}.Release4|Win64.ActiveCfg = Release4|x64
		{F865FBA4-79B0-4E7C-84B3-0541EEEDB866}.Release4|Win64.Build.0 = Release4|x64
		{F865FBA4-79B0-4E7C-84B3-0541EEEDB866}.Release5|Mixed Platforms.ActiveCfg = Release5|x64
		{F865FBA4-79B0-4E7C-84B3-0541EEEDB866}.Release5|Win32.ActiveCfg = Release5|Win32
		{F865FBA4-79B0-4E7C-84B3-0541EEEDB866}.Release5|Win32.Build.0 = Release5|Win32
		{F865FBA4-79B0-4E7C-84B3-0541EEEDB866}.Release5|Win64.ActiveCfg = Release5|x64
		{F865FBA4-79B0-4E7C-84B3-0541EEEDB866}.Release5|Win64.Build.0 = Release5|x64
		{F865FBA4-79B0-4E7C-84B3-0541EEEDB866}.Release6|Mixed Platforms.ActiveCfg = Release6|x64
		{F865FBA4-79B0-4E7C-84B3-0541EEEDB866}.Release6|Win32.ActiveCfg = Release6|Win32
		{F865FBA4-79B0-4E7C-84B3-0541EEEDB866}.Release6|Win32.Build.0 = Release6|Win32
		{F865FBA4-79B0-4E7C-84B3-0541EEEDB866}.Release6|Win64.ActiveCfg = Release6|x64
		{F865FBA4-79B0-4E7C-84B3-0541EEEDB866}.Release6|Win64.Build.0 = Release6|x64
		{10337D5A-989B-448E-9177-9290006ECB91}.Debug|Mixed Platforms.ActiveCfg = Debug
		{10337D5A-989B-448E-9177-9290006ECB91}.Debug|Win32.ActiveCfg = Debug
		{10337D5A-989B-448E-9177-9290006ECB91}.Debug|Win64.ActiveCfg = Debug
		{10337D5A-989B-448E-9177-9290006ECB91}.Debug2|Mixed Platforms.ActiveCfg = Debug
		{10337D5A-989B-448E-9177-9290006ECB91}.Debug2|Win32.ActiveCfg = Debug
		{10337D5A-989B-448E-9177-9290006ECB91}.Debug2|Win64.ActiveCfg = Debug
		{10337D5A-989B-448E-9177-9290006ECB91}.Debug3|Mixed Platforms.ActiveCfg = Debug
		{10337D5A-989B-448E-9177-9290006ECB91}.Debug3|Win32.ActiveCfg = Debug
		{10337D5A-989B-448E-9177-9290006ECB91}.Debug3|Win64.ActiveCfg = Debug
		{10337D5A-989B-448E-9177-9290006ECB91}.Debug3|Win64.Build.0 = Debug
		{10337D5A-989B-448E-9177-9290006ECB91}.Debug4|Mixed Platforms.ActiveCfg = Debug
		{10337D5A-989B-448E-9177-9290006ECB91}.Debug4|Win32.ActiveCfg = Debug
		{10337D5A-989B-448E-9177-9290006ECB91}.Debug4|Win64.ActiveCfg = Debug
		{10337D5A-989B-448E-9177-9290006ECB91}.Debug5|Mixed Platforms.ActiveCfg = Debug
		{10337D5A-989B-448E-9177-9290006ECB91}.Debug5|Win32.ActiveCfg = Debug
		{10337D5A-989B-448E-9177-9290006ECB91}.Debug5|Win64.ActiveCfg = Debug
		{10337D5A-989B-448E-9177-9290006ECB91}.Debug6|Mixed Platforms.ActiveCfg = Debug
		{10337D5A-989B-448E-9177-9290006ECB91}.Debug6|Win32.ActiveCfg = Debug
		{10337D5A-989B-448E-9177-9290006ECB91}.Debug6|Win64.ActiveCfg = Debug
		{10337D5A-989B-448E-9177-9290006ECB91}.Release|Mixed Platforms.ActiveCfg = Release
		{10337D5A-989B-448E-9177-9290006ECB91}.Release|Win32.ActiveCfg = Release
		{10337D5A-989B-448E-9177-9290006ECB91}.Release|Win64.ActiveCfg = Release
		{10337D5A-989B-448E-9177-9290006ECB91}.Release2|Mixed Platforms.ActiveCfg = Release
		{10337D5A-989B-448E-9177-9290006ECB91}.Release2|Win32.ActiveCfg = Release
		{10337D5A-989B-448E-9177-9290006ECB91}.Release2|Win64.ActiveCfg = Release
		{10337D5A-989B-448E-9177-9290006ECB91}.Release3|Mixed Platforms.ActiveCfg = Release
		{10337D5A-989B-448E-9177-9290006ECB91}.Release3|Win32.ActiveCfg = Release
		{10337D5A-989B-448E-9177-9290006ECB91}.Release3|Win64.ActiveCfg = Release
		{10337D5A-989B-448E-9177-9290006ECB91}.Release3|Win64.Build.0 = Release
		{10337D5A-989B-448E-9177-9290006ECB91}.Release4|Mixed Platforms.ActiveCfg = Release
		{10337D5A-989B-448E-9177-9290006ECB91}.Release4|Win32.ActiveCfg = Release
		{10337D5A-989B-448E-9177-9290006ECB91}.Release4|Win64.ActiveCfg = Release
		{10337D5A-989B-448E-9177-9290006ECB91}.Release5|Mixed Platforms.ActiveCfg = Release
		{10337D5A-989B-448E-9177-9290006ECB91}.Release5|Win32.ActiveCfg = Release
		{10337D5A-989B-448E-9177-9290006ECB91}.Release5|Win64.ActiveCfg = Release
		{10337D5A-989B-448E-9177-9290006ECB91}.Release6|Mixed Platforms.ActiveCfg = Release
		{10337D5A-989B-448E-9177-9290006ECB91}.Release6|Win32.ActiveCfg = Release
		{10337D5A-989B-448E-9177-9290006ECB91}.Release6|Win64.ActiveCfg = Release
		{FFBB89AF-AF11-4481-A225-EAD5A2784F94}.Debug|Mixed Platforms.ActiveCfg = Debug
		{FFBB89AF-AF11-4481-A225-EAD5A2784F94}.Debug|Win32.ActiveCfg = Debug
		{FFBB89AF-AF11-4481-A225-EAD5A2784F94}.Debug|Win64.ActiveCfg = Debug
		{FFBB89AF-AF11-4481-A225-EAD5A2784F94}.Debug2|Mixed Platforms.ActiveCfg = Debug
		{FFBB89AF-AF11-4481-A225-EAD5A2784F94}.Debug2|Win32.ActiveCfg = Debug
		{FFBB89AF-AF11-4481-A225-EAD5A2784F94}.Debug2|Win64.ActiveCfg = Debug
		{FFBB89AF-AF11-4481-A225-EAD5A2784F94}.Debug2|Win64.Build.0 = Debug
		{FFBB89AF-AF11-4481-A225-EAD5A2784F94}.Debug3|Mixed Platforms.ActiveCfg = Debug
		{FFBB89AF-AF11-4481-A225-EAD5A2784F94}.Debug3|Win32.ActiveCfg = Debug
		{FFBB89AF-AF11-4481-A225-EAD5A2784F94}.Debug3|Win64.ActiveCfg = Debug
		{FFBB89AF-AF11-4481-A225-EAD5A2784F94}.Debug4|Mixed Platforms.ActiveCfg = Debug
		{FFBB89AF-AF11-4481-A225-EAD5A2784F94}.Debug4|Win32.ActiveCfg = Debug
		{FFBB89AF-AF11-4481-A225-EAD5A2784F94}.Debug4|Win64.ActiveCfg = Debug
		{FFBB89AF-AF11-4481-A225-EAD5A2784F94}.Debug5|Mixed Platforms.ActiveCfg = Debug
		{FFBB89AF-AF11-4481-A225-EAD5A2784F94}.Debug5|Win32.ActiveCfg = Debug
		{FFBB89AF-AF11-4481-A225-EAD5A2784F94}.Debug5|Win64.ActiveCfg = Debug
		{FFBB89AF-AF11-4481-A225-EAD5A2784F94}.Debug6|Mixed Platforms.ActiveCfg = Debug
		{FFBB89AF-AF11-4481-A225-EAD5A2784F94}.Debug6|Win32.ActiveCfg = Debug
		{FFBB89AF-AF11-4481-A225-EAD5A2784F94}.Debug6|Win64.ActiveCfg = Debug
		{FFBB89AF-AF11-4481-A225-EAD5A2784F94}.Release|Mixed Platforms.ActiveCfg = Release
		{FFBB89AF-AF11-4481-A225-EAD5A2784F94}.Release|Win32.ActiveCfg = Release
		{FFBB89AF-AF11-4481-A225-EAD5A2784F94}.Release|Win64.ActiveCfg = Release
		{FFBB89AF-AF11-4481-A225-EAD5A2784F94}.Release2|Mixed Platforms.ActiveCfg = Release
		{FFBB89AF-AF11-4481-A225-EAD5A2784F94}.Release2|Win32.ActiveCfg = Release
		{FFBB89AF-AF11-4481-A225-EAD5A2784F94}.Release2|Win64.ActiveCfg = Release
		{FFBB89AF-AF11-4481-A225-EAD5A2784F94}.Release2|Win64.Build.0 = Release
		{FFBB89AF-AF11-4481-A225-EAD5A2784F94}.Release3|Mixed Platforms.ActiveCfg = Release
		{FFBB89AF-AF11-4481-A225-EAD5A2784F94}.Release3|Win32.ActiveCfg = Release
		{FFBB89AF-AF11-4481-A225-EAD5A2784F94}.Release3|Win64.ActiveCfg = Release
		{FFBB89AF-AF11-4481-A225-EAD5A2784F94}.Release4|Mixed Platforms.ActiveCfg = Release
		{FFBB89AF-AF11-4481-A225-EAD5A2784F94}.Release4|Win32.ActiveCfg = Release
		{FFBB89AF-AF11-4481-A225-EAD5A2784F94}.Release4|Win64.ActiveCfg = Release
		{FFBB89AF-AF11-4481-A225-EAD5A2784F94}.Release5|Mixed Platforms.ActiveCfg = Release
		{FFBB89AF-AF11-4481-A225-EAD5A2784F94}.Release5|Win32.ActiveCfg = Release
		{FFBB89AF-AF11-4481-A225-EAD5A2784F94}.Release5|Win64.ActiveCfg = Release
		{FFBB89AF-AF11-4481-A225-EAD5A2784F94}.Release6|Mixed Platforms.ActiveCfg = Release
		{FFBB89AF-AF11-4481-A225-EAD5A2784F94}.Release6|Win32.ActiveCfg = Release
		{FFBB89AF-AF11-4481-A225-EAD5A2784F94}.Release6|Win64.ActiveCfg = Release
		{A33BC21F-D4B2-4B34-8235-FCE0FA593CF9}.Debug|Mixed Platforms.ActiveCfg = Debug
		{A33BC21F-D4B2-4B34-8235-FCE0FA593CF9}.Debug|Win32.ActiveCfg = Debug
		{A33BC21F-D4B2-4B34-8235-FCE0FA593CF9}.Debug|Win64.ActiveCfg = Debug
		{A33BC21F-D4B2-4B34-8235-FCE0FA593CF9}.Debug2|Mixed Platforms.ActiveCfg = Debug
		{A33BC21F-D4B2-4B34-8235-FCE0FA593CF9}.Debug2|Win32.ActiveCfg = Debug
		{A33BC21F-D4B2-4B34-8235-FCE0FA593CF9}.Debug2|Win64.ActiveCfg = Debug
		{A33BC21F-D4B2-4B34-8235-FCE0FA593CF9}.Debug3|Mixed Platforms.ActiveCfg = Debug
		{A33BC21F-D4B2-4B34-8235-FCE0FA593CF9}.Debug3|Win32.ActiveCfg = Debug
		{A33BC21F-D4B2-4B34-8235-FCE0FA593CF9}.Debug3|Win32.Build.0 = Debug
		{A33BC21F-D4B2-4B34-8235-FCE0FA593CF9}.Debug3|Win64.ActiveCfg = Debug
		{A33BC21F-D4B2-4B34-8235-FCE0FA593CF9}.Debug4|Mixed Platforms.ActiveCfg = Debug
		{A33BC21F-D4B2-4B34-8235-FCE0FA593CF9}.Debug4|Win32.ActiveCfg = Debug
		{A33BC21F-D4B2-4B34-8235-FCE0FA593CF9}.Debug4|Win64.ActiveCfg = Debug
		{A33BC21F-D4B2-4B34-8235-FCE0FA593CF9}.Debug5|Mixed Platforms.ActiveCfg = Debug
		{A33BC21F-D4B2-4B34-8235-FCE0FA593CF9}.Debug5|Win32.ActiveCfg = Debug
		{A33BC21F-D4B2-4B34-8235-FCE0FA593CF9}.Debug5|Win64.ActiveCfg = Debug
		{A33BC21F-D4B2-4B34-8235-FCE0FA593CF9}.Debug6|Mixed Platforms.ActiveCfg = Debug
		{A33BC21F-D4B2-4B34-8235-FCE0FA593CF9}.Debug6|Win32.ActiveCfg = Debug
		{A33BC21F-D4B2-4B34-8235-FCE0FA593CF9}.Debug6|Win64.ActiveCfg = Debug
		{A33BC21F-D4B2-4B34-8235-FCE0FA593CF9}.Release|Mixed Platforms.ActiveCfg = Release
		{A33BC21F-D4B2-4B34-8235-FCE0FA593CF9}.Release|Win32.ActiveCfg = Release
		{A33BC21F-D4B2-4B34-8235-FCE0FA593CF9}.Release|Win64.ActiveCfg = Release
		{A33BC21F-D4B2-4B34-8235-FCE0FA593CF9}.Release2|Mixed Platforms.ActiveCfg = Release
		{A33BC21F-D4B2-4B34-8235-FCE0FA593CF9}.Release2|Win32.ActiveCfg = Release
		{A33BC21F-D4B2-4B34-8235-FCE0FA593CF9}.Release2|Win64.ActiveCfg = Release
		{A33BC21F-D4B2-4B34-8235-FCE0FA593CF9}.Release3|Mixed Platforms.ActiveCfg = Release
		{A33BC21F-D4B2-4B34-8235-FCE0FA593CF9}.Release3|Win32.ActiveCfg = Release
		{A33BC21F-D4B2-4B34-8235-FCE0FA593CF9}.Release3|Win32.Build.0 = Release
		{A33BC21F-D4B2-4B34-8235-FCE0FA593CF9}.Release3|Win64.ActiveCfg = Release
		{A33BC21F-D4B2-4B34-8235-FCE0FA593CF9}.Release4|Mixed Platforms.ActiveCfg = Release
		{A33BC21F-D4B2-4B34-8235-FCE0FA593CF9}.Release4|Win32.ActiveCfg = Release
		{A33BC21F-D4B2-4B34-8235-FCE0FA593CF9}.Release4|Win64.ActiveCfg = Release
		{A33BC21F-D4B2-4B34-8235-FCE0FA593CF9}.Release5|Mixed Platforms.ActiveCfg = Release
		{A33BC21F-D4B2-4B34-8235-FCE0FA593CF9}.Release5|Win32.ActiveCfg = Release
		{A33BC21F-D4B2-4B34-8235-FCE0FA593CF9}.Release5|Win64.ActiveCfg = Release
		{A33BC21F-D4B2-4B34-8235-FCE0FA593CF9}.Release6|Mixed Platforms.ActiveCfg = Release
		{A33BC21F-D4B2-4B34-8235-FCE0FA593CF9}.Release6|Win32.ActiveCfg = Release
		{A33BC21F-D4B2-4B34-8235-FCE0FA593CF9}.Release6|Win64.ActiveCfg = Release
		{C168DB7F-00A2-4602-A1FD-3F725AFEB63E}.Debug|Mixed Platforms.ActiveCfg = Debug
		{C168DB7F-00A2-4602-A1FD-3F725AFEB63E}.Debug|Win32.ActiveCfg = Debug
		{C168DB7F-00A2-4602-A1FD-3F725AFEB63E}.Debug|Win64.ActiveCfg = Debug
		{C168DB7F-00A2-4602-A1FD-3F725AFEB63E}.Debug2|Mixed Platforms.ActiveCfg = Debug
		{C168DB7F-00A2-4602-A1FD-3F725AFEB63E}.Debug2|Win32.ActiveCfg = Debug
		{C168DB7F-00A2-4602-A1FD-3F725AFEB63E}.Debug2|Win64.ActiveCfg = Debug
		{C168DB7F-00A2-4602-A1FD-3F725AFEB63E}.Debug3|Mixed Platforms.ActiveCfg = Debug
		{C168DB7F-00A2-4602-A1FD-3F725AFEB63E}.Debug3|Win32.ActiveCfg = Debug
		{C168DB7F-00A2-4602-A1FD-3F725AFEB63E}.Debug3|Win64.ActiveCfg = Debug
		{C168DB7F-00A2-4602-A1FD-3F725AFEB63E}.Debug4|Mixed Platforms.ActiveCfg = Debug
		{C168DB7F-00A2-4602-A1FD-3F725AFEB63E}.Debug4|Win32.ActiveCfg = Debug
		{C168DB7F-00A2-4602-A1FD-3F725AFEB63E}.Debug4|Win32.Build.0 = Debug
		{C168DB7F-00A2-4602-A1FD-3F725AFEB63E}.Debug4|Win64.ActiveCfg = Debug
		{C168DB7F-00A2-4602-A1FD-3F725AFEB63E}.Debug5|Mixed Platforms.ActiveCfg = Debug
		{C168DB7F-00A2-4602-A1FD-3F725AFEB63E}.Debug5|Win32.ActiveCfg = Debug
		{C168DB7F-00A2-4602-A1FD-3F725AFEB63E}.Debug5|Win64.ActiveCfg = Debug
		{C168DB7F-00A2-4602-A1FD-3F725AFEB63E}.Debug6|Mixed Platforms.ActiveCfg = Debug
		{C168DB7F-00A2-4602-A1FD-3F725AFEB63E}.Debug6|Win32.ActiveCfg = Debug
		{C168DB7F-00A2-4602-A1FD-3F725AFEB63E}.Debug6|Win64.ActiveCfg = Debug
		{C168DB7F-00A2-4602-A1FD-3F725AFEB63E}.Release|Mixed Platforms.ActiveCfg = Release
		{C168DB7F-00A2-4602-A1FD-3F725AFEB63E}.Release|Win32.ActiveCfg = Release
		{C168DB7F-00A2-4602-A1FD-3F725AFEB63E}.Release|Win64.ActiveCfg = Release
		{C168DB7F-00A2-4602-A1FD-3F725AFEB63E}.Release2|Mixed Platforms.ActiveCfg = Release
		{C168DB7F-00A2-4602-A1FD-3F725AFEB63E}.Release2|Win32.ActiveCfg = Release
		{C168DB7F-00A2-4602-A1FD-3F725AFEB63E}.Release2|Win64.ActiveCfg = Release
		{C168DB7F-00A2-4602-A1FD-3F725AFEB63E}.Release3|Mixed Platforms.ActiveCfg = Release
		{C168DB7F-00A2-4602-A1FD-3F725AFEB63E}.Release3|Win32.ActiveCfg = Release
		{C168DB7F-00A2-4602-A1FD-3F725AFEB63E}.Release3|Win64.ActiveCfg = Release
		{C168DB7F-00A2-4602-A1FD-3F725AFEB63E}.Release4|Mixed Platforms.ActiveCfg = Release
		{C168DB7F-00A2-4602-A1FD-3F725AFEB63E}.Release4|Win32.ActiveCfg = Release
		{C168DB7F-00A2-4602-A1FD-3F725AFEB63E}.Release4|Win32.Build.0 = Release
		{C168DB7F-00A2-4602-A1FD-3F725AFEB63E}.Release4|Win64.ActiveCfg = Release
		{C168DB7F-00A2-4602-A1FD-3F725AFEB63E}.Release5|Mixed Platforms.ActiveCfg = Release
		{C168DB7F-00A2-4602-A1FD-3F725AFEB63E}.Release5|Win32.ActiveCfg = Release
		{C168DB7F-00A2-4602-A1FD-3F725AFEB63E}.Release5|Win64.ActiveCfg = Release
		{C168DB7F-00A2-4602-A1FD-3F725AFEB63E}.Release6|Mixed Platforms.ActiveCfg = Release
		{C168DB7F-00A2-4602-A1FD-3F725AFEB63E}.Release6|Win32.ActiveCfg = Release
		{C168DB7F-00A2-4602-A1FD-3F725AFEB63E}.Release6|Win64.ActiveCfg = Release
		{2A5F7C75-93BD-42D3-A9D4-B56D69CD2D5A}.Debug|Mixed Platforms.ActiveCfg = Debug
		{2A5F7C75-93BD-42D3-A9D4-B56D69CD2D5A}.Debug|Win32.ActiveCfg = Debug
		{2A5F7C75-93BD-42D3-A9D4-B56D69CD2D5A}.Debug|Win64.ActiveCfg = Debug
		{2A5F7C75-93BD-42D3-A9D4-B56D69CD2D5A}.Debug2|Mixed Platforms.ActiveCfg = Debug
		{2A5F7C75-93BD-42D3-A9D4-B56D69CD2D5A}.Debug2|Win32.ActiveCfg = Debug
		{2A5F7C75-93BD-42D3-A9D4-B56D69CD2D5A}.Debug2|Win32.Build.0 = Debug
		{2A5F7C75-93BD-42D3-A9D4-B56D69CD2D5A}.Debug2|Win64.ActiveCfg = Debug
		{2A5F7C75-93BD-42D3-A9D4-B56D69CD2D5A}.Debug3|Mixed Platforms.ActiveCfg = Debug
		{2A5F7C75-93BD-42D3-A9D4-B56D69CD2D5A}.Debug3|Win32.ActiveCfg = Debug
		{2A5F7C75-93BD-42D3-A9D4-B56D69CD2D5A}.Debug3|Win64.ActiveCfg = Debug
		{2A5F7C75-93BD-42D3-A9D4-B56D69CD2D5A}.Debug4|Mixed Platforms.ActiveCfg = Debug
		{2A5F7C75-93BD-42D3-A9D4-B56D69CD2D5A}.Debug4|Win32.ActiveCfg = Debug
		{2A5F7C75-93BD-42D3-A9D4-B56D69CD2D5A}.Debug4|Win64.ActiveCfg = Debug
		{2A5F7C75-93BD-42D3-A9D4-B56D69CD2D5A}.Debug5|Mixed Platforms.ActiveCfg = Debug
		{2A5F7C75-93BD-42D3-A9D4-B56D69CD2D5A}.Debug5|Win32.ActiveCfg = Debug
		{2A5F7C75-93BD-42D3-A9D4-B56D69CD2D5A}.Debug5|Win64.ActiveCfg = Debug
		{2A5F7C75-93BD-42D3-A9D4-B56D69CD2D5A}.Debug6|Mixed Platforms.ActiveCfg = Debug
		{2A5F7C75-93BD-42D3-A9D4-B56D69CD2D5A}.Debug6|Win32.ActiveCfg = Debug
		{2A5F7C75-93BD-42D3-A9D4-B56D69CD2D5A}.Debug6|Win64.ActiveCfg = Debug
		{2A5F7C75-93BD-42D3-A9D4-B56D69CD2D5A}.Release|Mixed Platforms.ActiveCfg = Release
		{2A5F7C75-93BD-42D3-A9D4-B56D69CD2D5A}.Release|Win32.ActiveCfg = Release
		{2A5F7C75-93BD-42D3-A9D4-B56D69CD2D5A}.Release|Win64.ActiveCfg = Release
		{2A5F7C75-93BD-42D3-A9D4-B56D69CD2D5A}.Release2|Mixed Platforms.ActiveCfg = Release
		{2A5F7C75-93BD-42D3-A9D4-B56D69CD2D5A}.Release2|Win32.ActiveCfg = Release
		{2A5F7C75-93BD-42D3-A9D4-B56D69CD2D5A}.Release2|Win32.Build.0 = Release
		{2A5F7C75-93BD-42D3-A9D4-B56D69CD2D5A}.Release2|Win64.ActiveCfg = Release
		{2A5F7C75-93BD-42D3-A9D4-B56D69CD2D5A}.Release3|Mixed Platforms.ActiveCfg = Release
		{2A5F7C75-93BD-42D3-A9D4-B56D69CD2D5A}.Release3|Win32.ActiveCfg = Release
		{2A5F7C75-93BD-42D3-A9D4-B56D69CD2D5A}.Release3|Win64.ActiveCfg = Release
		{2A5F7C75-93BD-42D3-A9D4-B56D69CD2D5A}.Release4|Mixed Platforms.ActiveCfg = Release
		{2A5F7C75-93BD-42D3-A9D4-B56D69CD2D5A}.Release4|Win32.ActiveCfg = Release
		{2A5F7C75-93BD-42D3-A9D4-B56D69CD2D5A}.Release4|Win64.ActiveCfg = Release
		{2A5F7C75-93BD-42D3-A9D4-B56D69CD2D5A}.Release5|Mixed Platforms.ActiveCfg = Release
		{2A5F7C75-93BD-42D3-A9D4-B56D69CD2D5A}.Release5|Win32.ActiveCfg = Release
		{2A5F7C75-93BD-42D3-A9D4-B56D69CD2D5A}.Release5|Win64.ActiveCfg = Release
		{2A5F7C75-93BD-42D3-A9D4-B56D69CD2D5A}.Release6|Mixed Platforms.ActiveCfg = Release
		{2A5F7C75-93BD-42D3-A9D4-B56D69CD2D5A}.Release6|Win32.ActiveCfg = Release
		{2A5F7C75-93BD-42D3-A9D4-B56D69CD2D5A}.Release6|Win64.ActiveCfg = Release
		{B810233B-0895-4971-B582-6EFF8CF3BE6B}.Debug|Mixed Platforms.ActiveCfg = Debug
		{B810233B-0895-4971-B582-6EFF8CF3BE6B}.Debug|Win32.ActiveCfg = Debug
		{B810233B-0895-4971-B582-6EFF8CF3BE6B}.Debug|Win64.ActiveCfg = Debug
		{B810233B-0895-4971-B582-6EFF8CF3BE6B}.Debug2|Mixed Platforms.ActiveCfg = Debug
		{B810233B-0895-4971-B582-6EFF8CF3BE6B}.Debug2|Win32.ActiveCfg = Debug
		{B810233B-0895-4971-B582-6EFF8CF3BE6B}.Debug2|Win64.ActiveCfg = Debug
		{B810233B-0895-4971-B582-6EFF8CF3BE6B}.Debug3|Mixed Platforms.ActiveCfg = Debug
		{B810233B-0895-4971-B582-6EFF8CF3BE6B}.Debug3|Win32.ActiveCfg = Debug
		{B810233B-0895-4971-B582-6EFF8CF3BE6B}.Debug3|Win64.ActiveCfg = Debug
		{B810233B-0895-4971-B582-6EFF8CF3BE6B}.Debug4|Mixed Platforms.ActiveCfg = Debug
		{B810233B-0895-4971-B582-6EFF8CF3BE6B}.Debug4|Win32.ActiveCfg = Debug
		{B810233B-0895-4971-B582-6EFF8CF3BE6B}.Debug4|Win64.ActiveCfg = Debug
		{B810233B-0895-4971-B582-6EFF8CF3BE6B}.Debug4|Win64.Build.0 = Debug
		{B810233B-0895-4971-B582-6EFF8CF3BE6B}.Debug5|Mixed Platforms.ActiveCfg = Debug
		{B810233B-0895-4971-B582-6EFF8CF3BE6B}.Debug5|Win32.ActiveCfg = Debug
		{B810233B-0895-4971-B582-6EFF8CF3BE6B}.Debug5|Win64.ActiveCfg = Debug
		{B810233B-0895-4971-B582-6EFF8CF3BE6B}.Debug6|Mixed Platforms.ActiveCfg = Debug
		{B810233B-0895-4971-B582-6EFF8CF3BE6B}.Debug6|Win32.ActiveCfg = Debug
		{B810233B-0895-4971-B582-6EFF8CF3BE6B}.Debug6|Win64.ActiveCfg = Debug
		{B810233B-0895-4971-B582-6EFF8CF3BE6B}.Release|Mixed Platforms.ActiveCfg = Release
		{B810233B-0895-4971-B582-6EFF8CF3BE6B}.Release|Win32.ActiveCfg = Release
		{B810233B-0895-4971-B582-6EFF8CF3BE6B}.Release|Win64.ActiveCfg = Release
		{B810233B-0895-4971-B582-6EFF8CF3BE6B}.Release2|Mixed Platforms.ActiveCfg = Release
		{B810233B-0895-4971-B582-6EFF8CF3BE6B}.Release2|Win32.ActiveCfg = Release
		{B810233B-0895-4971-B582-6EFF8CF3BE6B}.Release2|Win64.ActiveCfg = Release
		{B810233B-0895-4971-B582-6EFF8CF3BE6B}.Release3|Mixed Platforms.ActiveCfg = Release
		{B810233B-0895-4971-B582-6EFF8CF3BE6B}.Release3|Win32.ActiveCfg = Release
		{B810233B-0895-4971-B582-6EFF8CF3BE6B}.Release3|Win64.ActiveCfg = Release
		{B810233B-0895-4971-B582-6EFF8CF3BE6B}.Release4|Mixed Platforms.ActiveCfg = Release
		{B810233B-0895-4971-B582-6EFF8CF3BE6B}.Release4|Win32.ActiveCfg = Release
		{B810233B-0895-4971-B582-6EFF8CF3BE6B}.Release4|Win64.ActiveCfg = Release
		{B810233B-0895-4971-B582-6EFF8CF3BE6B}.Release4|Win64.Build.0 = Release
		{B810233B-0895-4971-B582-6EFF8CF3BE6B}.Release5|Mixed Platforms.ActiveCfg = Release
		{B810233B-0895-4971-B582-6EFF8CF3BE6B}.Release5|Win32.ActiveCfg = Release
		{B810233B-0895-4971-B582-6EFF8CF3BE6B}.Release5|Win64.ActiveCfg = Release
		{B810233B-0895-4971-B582-6EFF8CF3BE6B}.Release6|Mixed Platforms.ActiveCfg = Release
		{B810233B-0895-4971-B582-6EFF8CF3BE6B}.Release6|Win32.ActiveCfg = Release
		{B810233B-0895-4971-B582-6EFF8CF3BE6B}.Release6|Win64.ActiveCfg = Release
		{69CF9C72-6471-4554-BF40-B364E37EB10F}.Debug|Mixed Platforms.ActiveCfg = Debug
		{69CF9C72-6471-4554-BF40-B364E37EB10F}.Debug|Win32.ActiveCfg = Debug
		{69CF9C72-6471-4554-BF40-B364E37EB10F}.Debug|Win64.ActiveCfg = Debug
		{69CF9C72-6471-4554-BF40-B364E37EB10F}.Debug2|Mixed Platforms.ActiveCfg = Debug
		{69CF9C72-6471-4554-BF40-B364E37EB10F}.Debug2|Win32.ActiveCfg = Debug
		{69CF9C72-6471-4554-BF40-B364E37EB10F}.Debug2|Win64.ActiveCfg = Debug
		{69CF9C72-6471-4554-BF40-B364E37EB10F}.Debug3|Mixed Platforms.ActiveCfg = Debug
		{69CF9C72-6471-4554-BF40-B364E37EB10F}.Debug3|Win32.ActiveCfg = Debug
		{69CF9C72-6471-4554-BF40-B364E37EB10F}.Debug3|Win64.ActiveCfg = Debug
		{69CF9C72-6471-4554-BF40-B364E37EB10F}.Debug4|Mixed Platforms.ActiveCfg = Debug
		{69CF9C72-6471-4554-BF40-B364E37EB10F}.Debug4|Win32.ActiveCfg = Debug
		{69CF9C72-6471-4554-BF40-B364E37EB10F}.Debug4|Win64.ActiveCfg = Debug
		{69CF9C72-6471-4554-BF40-B364E37EB10F}.Debug5|Mixed Platforms.ActiveCfg = Debug
		{69CF9C72-6471-4554-BF40-B364E37EB10F}.Debug5|Win32.ActiveCfg = Debug
		{69CF9C72-6471-4554-BF40-B364E37EB10F}.Debug5|Win32.Build.0 = Debug
		{69CF9C72-6471-4554-BF40-B364E37EB10F}.Debug5|Win64.ActiveCfg = Debug
		{69CF9C72-6471-4554-BF40-B364E37EB10F}.Debug6|Mixed Platforms.ActiveCfg = Debug
		{69CF9C72-6471-4554-BF40-B364E37EB10F}.Debug6|Win32.ActiveCfg = Debug
		{69CF9C72-6471-4554-BF40-B364E37EB10F}.Debug6|Win64.ActiveCfg = Debug
		{69CF9C72-6471-4554-BF40-B364E37EB10F}.Release|Mixed Platforms.ActiveCfg = Release
		{69CF9C72-6471-4554-BF40-B364E37EB10F}.Release|Win32.ActiveCfg = Release
		{69CF9C72-6471-4554-BF40-B364E37EB10F}.Release|Win64.ActiveCfg = Release
		{69CF9C72-6471-4554-BF40-B364E37EB10F}.Release2|Mixed Platforms.ActiveCfg = Release
		{69CF9C72-6471-4554-BF40-B364E37EB10F}.Release2|Win32.ActiveCfg = Release
		{69CF9C72-6471-4554-BF40-B364E37EB10F}.Release2|Win64.ActiveCfg = Release
		{69CF9C72-6471-4554-BF40-B364E37EB10F}.Release3|Mixed Platforms.ActiveCfg = Release
		{69CF9C72-6471-4554-BF40-B364E37EB10F}.Release3|Win32.ActiveCfg = Release
		{69CF9C72-6471-4554-BF40-B364E37EB10F}.Release3|Win64.ActiveCfg = Release
		{69CF9C72-6471-4554-BF40-B364E37EB10F}.Release4|Mixed Platforms.ActiveCfg = Release
		{69CF9C72-6471-4554-BF40-B364E37EB10F}.Release4|Win32.ActiveCfg = Release
		{69CF9C72-6471-4554-BF40-B364E37EB10F}.Release4|Win64.ActiveCfg = Release
		{69CF9C72-6471-4554-BF40-B364E37EB10F}.Release5|Mixed Platforms.ActiveCfg = Release
		{69CF9C72-6471-4554-BF40-B364E37EB10F}.Release5|Win32.ActiveCfg = Release
		{69CF9C72-6471-4554-BF40-B364E37EB10F}.Release5|Win32.Build.0 = Release
		{69CF9C72-6471-4554-BF40-B364E37EB10F}.Release5|Win64.ActiveCfg = Release
		{69CF9C72-6471-4554-BF40-B364E37EB10F}.Release6|Mixed Platforms.ActiveCfg = Release
		{69CF9C72-6471-4554-BF40-B364E37EB10F}.Release6|Win32.ActiveCfg = Release
		{69CF9C72-6471-4554-BF40-B364E37EB10F}.Release6|Win64.ActiveCfg = Release
		{2492464E-C4CE-4676-AB9C-8C50815B0C7A}.Debug|Mixed Platforms.ActiveCfg = Debug
		{2492464E-C4CE-4676-AB9C-8C50815B0C7A}.Debug|Win32.ActiveCfg = Debug
		{2492464E-C4CE-4676-AB9C-8C50815B0C7A}.Debug|Win64.ActiveCfg = Debug
		{2492464E-C4CE-4676-AB9C-8C50815B0C7A}.Debug2|Mixed Platforms.ActiveCfg = Debug
		{2492464E-C4CE-4676-AB9C-8C50815B0C7A}.Debug2|Win32.ActiveCfg = Debug
		{2492464E-C4CE-4676-AB9C-8C50815B0C7A}.Debug2|Win64.ActiveCfg = Debug
		{2492464E-C4CE-4676-AB9C-8C50815B0C7A}.Debug3|Mixed Platforms.ActiveCfg = Debug
		{2492464E-C4CE-4676-AB9C-8C50815B0C7A}.Debug3|Win32.ActiveCfg = Debug
		{2492464E-C4CE-4676-AB9C-8C50815B0C7A}.Debug3|Win64.ActiveCfg = Debug
		{2492464E-C4CE-4676-AB9C-8C50815B0C7A}.Debug4|Mixed Platforms.ActiveCfg = Debug
		{2492464E-C4CE-4676-AB9C-8C50815B0C7A}.Debug4|Win32.ActiveCfg = Debug
		{2492464E-C4CE-4676-AB9C-8C50815B0C7A}.Debug4|Win64.ActiveCfg = Debug
		{2492464E-C4CE-4676-AB9C-8C50815B0C7A}.Debug5|Mixed Platforms.ActiveCfg = Debug
		{2492464E-C4CE-4676-AB9C-8C50815B0C7A}.Debug5|Win32.ActiveCfg = Debug
		{2492464E-C4CE-4676-AB9C-8C50815B0C7A}.Debug5|Win64.ActiveCfg = Debug
		{2492464E-C4CE-4676-AB9C-8C50815B0C7A}.Debug5|Win64.Build.0 = Debug
		{2492464E-C4CE-4676-AB9C-8C50815B0C7A}.Debug6|Mixed Platforms.ActiveCfg = Debug
		{2492464E-C4CE-4676-AB9C-8C50815B0C7A}.Debug6|Win32.ActiveCfg = Debug
		{2492464E-C4CE-4676-AB9C-8C50815B0C7A}.Debug6|Win64.ActiveCfg = Debug
		{2492464E-C4CE-4676-AB9C-8C50815B0C7A}.Release|Mixed Platforms.ActiveCfg = Release
		{2492464E-C4CE-4676-AB9C-8C50815B0C7A}.Release|Win32.ActiveCfg = Release
		{2492464E-C4CE-4676-AB9C-8C50815B0C7A}.Release|Win64.ActiveCfg = Release
		{2492464E-C4CE-4676-AB9C-8C50815B0C7A}.Release2|Mixed Platforms.ActiveCfg = Release
		{2492464E-C4CE-4676-AB9C-8C50815B0C7A}.Release2|Win32.ActiveCfg = Release
		{2492464E-C4CE-4676-AB9C-8C50815B0C7A}.Release2|Win64.ActiveCfg = Release
		{2492464E-C4CE-4676-AB9C-8C50815B0C7A}.Release3|Mixed Platforms.ActiveCfg = Release
		{2492464E-C4CE-4676-AB9C-8C50815B0C7A}.Release3|Win32.ActiveCfg = Release
		{2492464E-C4CE-4676-AB9C-8C50815B0C7A}.Release3|Win64.ActiveCfg = Release
		{2492464E-C4CE-4676-AB9C-8C50815B0C7A}.Release4|Mixed Platforms.ActiveCfg = Release
		{2492464E-C4CE-4676-AB9C-8C50815B0C7A}.Release4|Win32.ActiveCfg = Release
		{2492464E-C4CE-4676-AB9C-8C50815B0C7A}.Release4|Win64.ActiveCfg = Release
		{2492464E-C4CE-4676-AB9C-8C50815B0C7A}.Release5|Mixed Platforms.ActiveCfg = Release
		{2492464E-C4CE-4676-AB9C-8C50815B0C7A}.Release5|Win32.ActiveCfg = Release
		{2492464E-C4CE-4676-AB9C-8C50815B0C7A}.Release5|Win64.ActiveCfg = Release
		{2492464E-C4CE-4676-AB9C-8C50815B0C7A}.Release5|Win64.Build.0 = Release
		{2492464E-C4CE-4676-AB9C-8C50815B0C7A}.Release6|Mixed Platforms.ActiveCfg = Release
		{2492464E-C4CE-4676-AB9C-8C50815B0C7A}.Release6|Win32.ActiveCfg = Release
		{2492464E-C4CE-4676-AB9C-8C50815B0C7A}.Release6|Win64.ActiveCfg = Release
		{394027CA-C7B0-4E44-8665-0D1D353515CE}.Debug|Mixed Platforms.ActiveCfg = Debug
		{394027CA-C7B0-4E44-8665-0D1D353515CE}.Debug|Win32.ActiveCfg = Debug
		{394027CA-C7B0-4E44-8665-0D1D353515CE}.Debug|Win64.ActiveCfg = Debug
		{394027CA-C7B0-4E44-8665-0D1D353515CE}.Debug2|Mixed Platforms.ActiveCfg = Debug
		{394027CA-C7B0-4E44-8665-0D1D353515CE}.Debug2|Win32.ActiveCfg = Debug
		{394027CA-C7B0-4E44-8665-0D1D353515CE}.Debug2|Win64.ActiveCfg = Debug
		{394027CA-C7B0-4E44-8665-0D1D353515CE}.Debug3|Mixed Platforms.ActiveCfg = Debug
		{394027CA-C7B0-4E44-8665-0D1D353515CE}.Debug3|Win32.ActiveCfg = Debug
		{394027CA-C7B0-4E44-8665-0D1D353515CE}.Debug3|Win64.ActiveCfg = Debug
		{394027CA-C7B0-4E44-8665-0D1D353515CE}.Debug4|Mixed Platforms.ActiveCfg = Debug
		{394027CA-C7B0-4E44-8665-0D1D353515CE}.Debug4|Win32.ActiveCfg = Debug
		{394027CA-C7B0-4E44-8665-0D1D353515CE}.Debug4|Win64.ActiveCfg = Debug
		{394027CA-C7B0-4E44-8665-0D1D353515CE}.Debug5|Mixed Platforms.ActiveCfg = Debug
		{394027CA-C7B0-4E44-8665-0D1D353515CE}.Debug5|Win32.ActiveCfg = Debug
		{394027CA-C7B0-4E44-8665-0D1D353515CE}.Debug5|Win64.ActiveCfg = Debug
		{394027CA-C7B0-4E44-8665-0D1D353515CE}.Debug6|Mixed Platforms.ActiveCfg = Debug
		{394027CA-C7B0-4E44-8665-0D1D353515CE}.Debug6|Win32.ActiveCfg = Debug
		{394027CA-C7B0-4E44-8665-0D1D353515CE}.Debug6|Win32.Build.0 = Debug
		{394027CA-C7B0-4E44-8665-0D1D353515CE}.Debug6|Win64.ActiveCfg = Debug
		{394027CA-C7B0-4E44-8665-0D1D353515CE}.Release|Mixed Platforms.ActiveCfg = Release
		{394027CA-C7B0-4E44-8665-0D1D353515CE}.Release|Win32.ActiveCfg = Release
		{394027CA-C7B0-4E44-8665-0D1D353515CE}.Release|Win64.ActiveCfg = Release
		{394027CA-C7B0-4E44-8665-0D1D353515CE}.Release2|Mixed Platforms.ActiveCfg = Release
		{394027CA-C7B0-4E44-8665-0D1D353515CE}.Release2|Win32.ActiveCfg = Release
		{394027CA-C7B0-4E44-8665-0D1D353515CE}.Release2|Win64.ActiveCfg = Release
		{394027CA-C7B0-4E44-8665-0D1D353515CE}.Release3|Mixed Platforms.ActiveCfg = Release
		{394027CA-C7B0-4E44-8665-0D1D353515CE}.Release3|Win32.ActiveCfg = Release
		{394027CA-C7B0-4E44-8665-0D1D353515CE}.Release3|Win64.ActiveCfg = Release
		{394027CA-C7B0-4E44-8665-0D1D353515CE}.Release4|Mixed Platforms.ActiveCfg = Release
		{394027CA-C7B0-4E44-8665-0D1D353515CE}.Release4|Win32.ActiveCfg = Release
		{394027CA-C7B0-4E44-8665-0D1D353515CE}.Release4|Win64.ActiveCfg = Release
		{394027CA-C7B0-4E44-8665-0D1D353515CE}.Release5|Mixed Platforms.ActiveCfg = Release
		{394027CA-C7B0-4E44-8665-0D1D353515CE}.Release5|Win32.ActiveCfg = Release
		{394027CA-C7B0-4E44-8665-0D1D353515CE}.Release5|Win64.ActiveCfg = Release
		{394027CA-C7B0-4E44-8665-0D1D353515CE}.Release6|Mixed Platforms.ActiveCfg = Release
		{394027CA-C7B0-4E44-8665-0D1D353515CE}.Release6|Win32.ActiveCfg = Release
		{394027CA-C7B0-4E44-8665-0D1D353515CE}.Release6|Win32.Build.0 = Release
		{394027CA-C7B0-4E44-8665-0D1D353515CE}.Release6|Win64.ActiveCfg = Release
		{6C768847-5495-4A81-ACD5-276D81167F2F}.Debug|Mixed Platforms.ActiveCfg = Debug
		{6C768847-5495-4A81-ACD5-276D81167F2F}.Debug|Win32.ActiveCfg = Debug
		{6C768847-5495-4A81-ACD5-276D81167F2F}.Debug|Win64.ActiveCfg = Debug
		{6C768847-5495-4A81-ACD5-276D81167F2F}.Debug2|Mixed Platforms.ActiveCfg = Debug
		{6C768847-5495-4A81-ACD5-276D81167F2F}.Debug2|Win32.ActiveCfg = Debug
		{6C768847-5495-4A81-ACD5-276D81167F2F}.Debug2|Win64.ActiveCfg = Debug
		{6C768847-5495-4A81-ACD5-276D81167F2F}.Debug3|Mixed Platforms.ActiveCfg = Debug
		{6C768847-5495-4A81-ACD5-276D81167F2F}.Debug3|Win32.ActiveCfg = Debug
		{6C768847-5495-4A81-ACD5-276D81167F2F}.Debug3|Win64.ActiveCfg = Debug
		{6C768847-5495-4A81-ACD5-276D81167F2F}.Debug4|Mixed Platforms.ActiveCfg = Debug
		{6C768847-5495-4A81-ACD5-276D81167F2F}.Debug4|Win32.ActiveCfg = Debug
		{6C768847-5495-4A81-ACD5-276D81167F2F}.Debug4|Win64.ActiveCfg = Debug
		{6C768847-5495-4A81-ACD5-276D81167F2F}.Debug5|Mixed Platforms.ActiveCfg = Debug
		{6C768847-5495-4A81-ACD5-276D81167F2F}.Debug5|Win32.ActiveCfg = Debug
		{6C768847-5495-4A81-ACD5-276D81167F2F}.Debug5|Win64.ActiveCfg = Debug
		{6C768847-5495-4A81-ACD5-276D81167F2F}.Debug6|Mixed Platforms.ActiveCfg = Debug
		{6C768847-5495-4A81-ACD5-276D81167F2F}.Debug6|Win32.ActiveCfg = Debug
		{6C768847-5495-4A81-ACD5-276D81167F2F}.Debug6|Win64.ActiveCfg = Debug
		{6C768847-5495-4A81-ACD5-276D81167F2F}.Debug6|Win64.Build.0 = Debug
		{6C768847-5495-4A81-ACD5-276D81167F2F}.Release|Mixed Platforms.ActiveCfg = Release
		{6C768847-5495-4A81-ACD5-276D81167F2F}.Release|Win32.ActiveCfg = Release
		{6C768847-5495-4A81-ACD5-276D81167F2F}.Release|Win64.ActiveCfg = Release
		{6C768847-5495-4A81-ACD5-276D81167F2F}.Release2|Mixed Platforms.ActiveCfg = Release
		{6C768847-5495-4A81-ACD5-276D81167F2F}.Release2|Win32.ActiveCfg = Release
		{6C768847-5495-4A81-ACD5-276D81167F2F}.Release2|Win64.ActiveCfg = Release
		{6C768847-5495-4A81-ACD5-276D81167F2F}.Release3|Mixed Platforms.ActiveCfg = Release
		{6C768847-5495-4A81-ACD5-276D81167F2F}.Release3|Win32.ActiveCfg = Release
		{6C768847-5495-4A81-ACD5-276D81167F2F}.Release3|Win64.ActiveCfg = Release
		{6C768847-5495-4A81-ACD5-276D81167F2F}.Release4|Mixed Platforms.ActiveCfg = Release
		{6C768847-5495-4A81-ACD5-276D81167F2F}.Release4|Win32.ActiveCfg = Release
		{6C768847-5495-4A81-ACD5-276D81167F2F}.Release4|Win64.ActiveCfg = Release
		{6C768847-5495-4A81-ACD5-276D81167F2F}.Release5|Mixed Platforms.ActiveCfg = Release
		{6C768847-5495-4A81-ACD5-276D81167F2F}.Release5|Win32.ActiveCfg = Release
		{6C768847-5495-4A81-ACD5-276D81167F2F}.Release5|Win64.ActiveCfg = Release
		{6C768847-5495-4A81-ACD5-276D81167F2F}.Release6|Mixed Platforms.ActiveCfg = Release
		{6C768847-5495-4A81-ACD5-276D81167F2F}.Release6|Win32.ActiveCfg = Release
		{6C768847-5495-4A81-ACD5-276D81167F2F}.Release6|Win64.ActiveCfg = Release
		{6C768847-5495-4A81-ACD5-276D81167F2F}.Release6|Win64.Build.0 = Release
	EndGlobalSection
	GlobalSection(SolutionProperties) = preSolution
		HideSolutionNode = FALSE
	EndGlobalSection
EndGlobal
